{
  "originHash" : "b75d13b28442859da232d9dd03ae44007b5721620711e78c45d3f4ccd3fcfcb3",
  "pins" : [
    {
      "identity" : "failkit",
      "kind" : "remoteSourceControl",
      "location" : "https://github.com/jonreid/FailKit.git",
      "state" : {
        "branch" : "main",
        "revision" : "02015e88007b5d86286c27c919999e473adaefbe"
      }
    }
  ],
  "version" : 3
}
