// !$*UTF8*$!
{
	archiveVersion = 1;
	classes = {
	};
	objectVersion = 46;
	objects = {

/* Begin PBXBuildFile section */
		48007CAF2079B1BC007A4AB0 /* MockUIAlertController.framework in Frameworks */ = {isa = PBXBuildFile; fileRef = 48007CAC2079B1A2007A4AB0 /* MockUIAlertController.framework */; };
		483E05211DE8064D00B5E4E4 /* AppDelegate.swift in Sources */ = {isa = PBXBuildFile; fileRef = 483E05201DE8064D00B5E4E4 /* AppDelegate.swift */; };
		483E05231DE8064D00B5E4E4 /* ViewController.swift in Sources */ = {isa = PBXBuildFile; fileRef = 483E05221DE8064D00B5E4E4 /* ViewController.swift */; };
		483E05261DE8064D00B5E4E4 /* Main.storyboard in Resources */ = {isa = PBXBuildFile; fileRef = 483E05241DE8064D00B5E4E4 /* Main.storyboard */; };
		483E05281DE8064D00B5E4E4 /* Assets.xcassets in Resources */ = {isa = PBXBuildFile; fileRef = 483E05271DE8064D00B5E4E4 /* Assets.xcassets */; };
		483E052B1DE8064D00B5E4E4 /* LaunchScreen.storyboard in Resources */ = {isa = PBXBuildFile; fileRef = 483E05291DE8064D00B5E4E4 /* LaunchScreen.storyboard */; };
		483E05361DE8064D00B5E4E4 /* ViewControllerTests.swift in Sources */ = {isa = PBXBuildFile; fileRef = 483E05351DE8064D00B5E4E4 /* ViewControllerTests.swift */; };
		BB170DCA39689C21DAC49039 /* CodeNextViewController.swift in Sources */ = {isa = PBXBuildFile; fileRef = BB17059942E490E7CB29AF72 /* CodeNextViewController.swift */; };
/* End PBXBuildFile section */

/* Begin PBXContainerItemProxy section */
		48007CAB2079B1A2007A4AB0 /* PBXContainerItemProxy */ = {
			isa = PBXContainerItemProxy;
			containerPortal = 48007CA72079B1A2007A4AB0 /* MockUIAlertController.xcodeproj */;
			proxyType = 2;
			remoteGlobalIDString = 48007C792079A76E007A4AB0;
			remoteInfo = MockUIAlertController;
		};
		48007CAD2079B1B6007A4AB0 /* PBXContainerItemProxy */ = {
			isa = PBXContainerItemProxy;
			containerPortal = 48007CA72079B1A2007A4AB0 /* MockUIAlertController.xcodeproj */;
			proxyType = 1;
			remoteGlobalIDString = 48007C782079A76E007A4AB0;
			remoteInfo = MockUIAlertController;
		};
		483E05321DE8064D00B5E4E4 /* PBXContainerItemProxy */ = {
			isa = PBXContainerItemProxy;
			containerPortal = 483E05151DE8064D00B5E4E4 /* Project object */;
			proxyType = 1;
			remoteGlobalIDString = 483E051C1DE8064D00B5E4E4;
			remoteInfo = MockUIAlertControllerSampleSwift;
		};
/* End PBXContainerItemProxy section */

/* Begin PBXFileReference section */
		48007CA72079B1A2007A4AB0 /* MockUIAlertController.xcodeproj */ = {isa = PBXFileReference; lastKnownFileType = "wrapper.pb-project"; name = MockUIAlertController.xcodeproj; path = ../../Source/MockUIAlertController.xcodeproj; sourceTree = "<group>"; };
		48105E3A1DE810F2000C8EB7 /* MockUIAlertControllerSampleSwiftTests-Bridging-Header.h */ = {isa = PBXFileReference; lastKnownFileType = sourcecode.c.h; path = "MockUIAlertControllerSampleSwiftTests-Bridging-Header.h"; sourceTree = "<group>"; };
		48105E721DE81450000C8EB7 /* MockUIAlertController.framework */ = {isa = PBXFileReference; lastKnownFileType = wrapper.framework; name = MockUIAlertController.framework; path = "../Source/build/Debug-iphoneos/MockUIAlertController.framework"; sourceTree = "<group>"; };
		483E051D1DE8064D00B5E4E4 /* MockUIAlertControllerSampleSwift.app */ = {isa = PBXFileReference; explicitFileType = wrapper.application; includeInIndex = 0; path = MockUIAlertControllerSampleSwift.app; sourceTree = BUILT_PRODUCTS_DIR; };
		483E05201DE8064D00B5E4E4 /* AppDelegate.swift */ = {isa = PBXFileReference; lastKnownFileType = sourcecode.swift; path = AppDelegate.swift; sourceTree = "<group>"; };
		483E05221DE8064D00B5E4E4 /* ViewController.swift */ = {isa = PBXFileReference; lastKnownFileType = sourcecode.swift; path = ViewController.swift; sourceTree = "<group>"; };
		483E05251DE8064D00B5E4E4 /* Base */ = {isa = PBXFileReference; lastKnownFileType = file.storyboard; name = Base; path = Base.lproj/Main.storyboard; sourceTree = "<group>"; };
		483E05271DE8064D00B5E4E4 /* Assets.xcassets */ = {isa = PBXFileReference; lastKnownFileType = folder.assetcatalog; path = Assets.xcassets; sourceTree = "<group>"; };
		483E052A1DE8064D00B5E4E4 /* Base */ = {isa = PBXFileReference; lastKnownFileType = file.storyboard; name = Base; path = Base.lproj/LaunchScreen.storyboard; sourceTree = "<group>"; };
		483E052C1DE8064D00B5E4E4 /* Info.plist */ = {isa = PBXFileReference; lastKnownFileType = text.plist.xml; path = Info.plist; sourceTree = "<group>"; };
		483E05311DE8064D00B5E4E4 /* MockUIAlertControllerSampleSwiftTests.xctest */ = {isa = PBXFileReference; explicitFileType = wrapper.cfbundle; includeInIndex = 0; path = MockUIAlertControllerSampleSwiftTests.xctest; sourceTree = BUILT_PRODUCTS_DIR; };
		483E05351DE8064D00B5E4E4 /* ViewControllerTests.swift */ = {isa = PBXFileReference; lastKnownFileType = sourcecode.swift; path = ViewControllerTests.swift; sourceTree = "<group>"; };
		483E05371DE8064D00B5E4E4 /* Info.plist */ = {isa = PBXFileReference; lastKnownFileType = text.plist.xml; path = Info.plist; sourceTree = "<group>"; };
		4885FDCD1DE8AD3300A9F923 /* XcodeWarnings.xcconfig */ = {isa = PBXFileReference; lastKnownFileType = text.xcconfig; name = XcodeWarnings.xcconfig; path = ../../Source/XcodeWarnings.xcconfig; sourceTree = "<group>"; };
		BB17059942E490E7CB29AF72 /* CodeNextViewController.swift */ = {isa = PBXFileReference; fileEncoding = 4; lastKnownFileType = sourcecode.swift; path = CodeNextViewController.swift; sourceTree = "<group>"; };
/* End PBXFileReference section */

/* Begin PBXFrameworksBuildPhase section */
		483E051A1DE8064D00B5E4E4 /* Frameworks */ = {
			isa = PBXFrameworksBuildPhase;
			buildActionMask = 2147483647;
			files = (
			);
			runOnlyForDeploymentPostprocessing = 0;
		};
		483E052E1DE8064D00B5E4E4 /* Frameworks */ = {
			isa = PBXFrameworksBuildPhase;
			buildActionMask = 2147483647;
			files = (
				48007CAF2079B1BC007A4AB0 /* MockUIAlertController.framework in Frameworks */,
			);
			runOnlyForDeploymentPostprocessing = 0;
		};
/* End PBXFrameworksBuildPhase section */

/* Begin PBXGroup section */
		48007CA82079B1A2007A4AB0 /* Products */ = {
			isa = PBXGroup;
			children = (
				48007CAC2079B1A2007A4AB0 /* MockUIAlertController.framework */,
			);
			name = Products;
			sourceTree = "<group>";
		};
		48105E711DE81450000C8EB7 /* Frameworks */ = {
			isa = PBXGroup;
			children = (
				48105E721DE81450000C8EB7 /* MockUIAlertController.framework */,
			);
			name = Frameworks;
			sourceTree = "<group>";
		};
		483E05141DE8064D00B5E4E4 = {
			isa = PBXGroup;
			children = (
				483E051F1DE8064D00B5E4E4 /* SampleApp */,
				483E05341DE8064D00B5E4E4 /* Tests */,
				483E051E1DE8064D00B5E4E4 /* Products */,
				48105E711DE81450000C8EB7 /* Frameworks */,
			);
			sourceTree = "<group>";
		};
		483E051E1DE8064D00B5E4E4 /* Products */ = {
			isa = PBXGroup;
			children = (
				483E051D1DE8064D00B5E4E4 /* MockUIAlertControllerSampleSwift.app */,
				483E05311DE8064D00B5E4E4 /* MockUIAlertControllerSampleSwiftTests.xctest */,
			);
			name = Products;
			sourceTree = "<group>";
		};
		483E051F1DE8064D00B5E4E4 /* SampleApp */ = {
			isa = PBXGroup;
			children = (
				483E05201DE8064D00B5E4E4 /* AppDelegate.swift */,
				483E05221DE8064D00B5E4E4 /* ViewController.swift */,
				483E05241DE8064D00B5E4E4 /* Main.storyboard */,
				483E05271DE8064D00B5E4E4 /* Assets.xcassets */,
				483E05291DE8064D00B5E4E4 /* LaunchScreen.storyboard */,
				483E052C1DE8064D00B5E4E4 /* Info.plist */,
				BB17059942E490E7CB29AF72 /* CodeNextViewController.swift */,
			);
			path = SampleApp;
			sourceTree = "<group>";
		};
		483E05341DE8064D00B5E4E4 /* Tests */ = {
			isa = PBXGroup;
			children = (
				48007CA72079B1A2007A4AB0 /* MockUIAlertController.xcodeproj */,
				483E05351DE8064D00B5E4E4 /* ViewControllerTests.swift */,
				48105E3A1DE810F2000C8EB7 /* MockUIAlertControllerSampleSwiftTests-Bridging-Header.h */,
				4885FDCD1DE8AD3300A9F923 /* XcodeWarnings.xcconfig */,
				483E05371DE8064D00B5E4E4 /* Info.plist */,
			);
			path = Tests;
			sourceTree = "<group>";
		};
/* End PBXGroup section */

/* Begin PBXNativeTarget section */
		483E051C1DE8064D00B5E4E4 /* MockUIAlertControllerSampleSwift */ = {
			isa = PBXNativeTarget;
			buildConfigurationList = 483E053A1DE8064D00B5E4E4 /* Build configuration list for PBXNativeTarget "MockUIAlertControllerSampleSwift" */;
			buildPhases = (
				483E05191DE8064D00B5E4E4 /* Sources */,
				483E051A1DE8064D00B5E4E4 /* Frameworks */,
				483E051B1DE8064D00B5E4E4 /* Resources */,
			);
			buildRules = (
			);
			dependencies = (
			);
			name = MockUIAlertControllerSampleSwift;
			productName = MockUIAlertControllerSampleSwift;
			productReference = 483E051D1DE8064D00B5E4E4 /* MockUIAlertControllerSampleSwift.app */;
			productType = "com.apple.product-type.application";
		};
		483E05301DE8064D00B5E4E4 /* MockUIAlertControllerSampleSwiftTests */ = {
			isa = PBXNativeTarget;
			buildConfigurationList = 483E053D1DE8064D00B5E4E4 /* Build configuration list for PBXNativeTarget "MockUIAlertControllerSampleSwiftTests" */;
			buildPhases = (
				483E052D1DE8064D00B5E4E4 /* Sources */,
				483E052E1DE8064D00B5E4E4 /* Frameworks */,
				483E052F1DE8064D00B5E4E4 /* Resources */,
			);
			buildRules = (
			);
			dependencies = (
				48007CAE2079B1B6007A4AB0 /* PBXTargetDependency */,
				483E05331DE8064D00B5E4E4 /* PBXTargetDependency */,
			);
			name = MockUIAlertControllerSampleSwiftTests;
			productName = MockUIAlertControllerSampleSwiftTests;
			productReference = 483E05311DE8064D00B5E4E4 /* MockUIAlertControllerSampleSwiftTests.xctest */;
			productType = "com.apple.product-type.bundle.unit-test";
		};
/* End PBXNativeTarget section */

/* Begin PBXProject section */
		483E05151DE8064D00B5E4E4 /* Project object */ = {
			isa = PBXProject;
			attributes = {
				LastSwiftUpdateCheck = 0900;
				LastUpgradeCheck = 1020;
				ORGANIZATIONNAME = "Quality Coding";
				TargetAttributes = {
					483E051C1DE8064D00B5E4E4 = {
						CreatedOnToolsVersion = 8.1;
						LastSwiftMigration = 1020;
						ProvisioningStyle = Automatic;
					};
					483E05301DE8064D00B5E4E4 = {
						CreatedOnToolsVersion = 8.1;
						LastSwiftMigration = 1020;
						ProvisioningStyle = Automatic;
						TestTargetID = 483E051C1DE8064D00B5E4E4;
					};
				};
			};
			buildConfigurationList = 483E05181DE8064D00B5E4E4 /* Build configuration list for PBXProject "MockUIAlertControllerSampleSwift" */;
			compatibilityVersion = "Xcode 3.2";
			developmentRegion = en;
			hasScannedForEncodings = 0;
			knownRegions = (
				en,
				Base,
			);
			mainGroup = 483E05141DE8064D00B5E4E4;
			productRefGroup = 483E051E1DE8064D00B5E4E4 /* Products */;
			projectDirPath = "";
			projectReferences = (
				{
					ProductGroup = 48007CA82079B1A2007A4AB0 /* Products */;
					ProjectRef = 48007CA72079B1A2007A4AB0 /* MockUIAlertController.xcodeproj */;
				},
			);
			projectRoot = "";
			targets = (
				483E051C1DE8064D00B5E4E4 /* MockUIAlertControllerSampleSwift */,
				483E05301DE8064D00B5E4E4 /* MockUIAlertControllerSampleSwiftTests */,
			);
		};
/* End PBXProject section */

/* Begin PBXReferenceProxy section */
		48007CAC2079B1A2007A4AB0 /* MockUIAlertController.framework */ = {
			isa = PBXReferenceProxy;
			fileType = wrapper.framework;
			path = MockUIAlertController.framework;
			remoteRef = 48007CAB2079B1A2007A4AB0 /* PBXContainerItemProxy */;
			sourceTree = BUILT_PRODUCTS_DIR;
		};
/* End PBXReferenceProxy section */

/* Begin PBXResourcesBuildPhase section */
		483E051B1DE8064D00B5E4E4 /* Resources */ = {
			isa = PBXResourcesBuildPhase;
			buildActionMask = 2147483647;
			files = (
				483E052B1DE8064D00B5E4E4 /* LaunchScreen.storyboard in Resources */,
				483E05281DE8064D00B5E4E4 /* Assets.xcassets in Resources */,
				483E05261DE8064D00B5E4E4 /* Main.storyboard in Resources */,
			);
			runOnlyForDeploymentPostprocessing = 0;
		};
		483E052F1DE8064D00B5E4E4 /* Resources */ = {
			isa = PBXResourcesBuildPhase;
			buildActionMask = 2147483647;
			files = (
			);
			runOnlyForDeploymentPostprocessing = 0;
		};
/* End PBXResourcesBuildPhase section */

/* Begin PBXSourcesBuildPhase section */
		483E05191DE8064D00B5E4E4 /* Sources */ = {
			isa = PBXSourcesBuildPhase;
			buildActionMask = 2147483647;
			files = (
				483E05231DE8064D00B5E4E4 /* ViewController.swift in Sources */,
				483E05211DE8064D00B5E4E4 /* AppDelegate.swift in Sources */,
				BB170DCA39689C21DAC49039 /* CodeNextViewController.swift in Sources */,
			);
			runOnlyForDeploymentPostprocessing = 0;
		};
		483E052D1DE8064D00B5E4E4 /* Sources */ = {
			isa = PBXSourcesBuildPhase;
			buildActionMask = 2147483647;
			files = (
				483E05361DE8064D00B5E4E4 /* ViewControllerTests.swift in Sources */,
			);
			runOnlyForDeploymentPostprocessing = 0;
		};
/* End PBXSourcesBuildPhase section */

/* Begin PBXTargetDependency section */
		48007CAE2079B1B6007A4AB0 /* PBXTargetDependency */ = {
			isa = PBXTargetDependency;
			name = MockUIAlertController;
			targetProxy = 48007CAD2079B1B6007A4AB0 /* PBXContainerItemProxy */;
		};
		483E05331DE8064D00B5E4E4 /* PBXTargetDependency */ = {
			isa = PBXTargetDependency;
			target = 483E051C1DE8064D00B5E4E4 /* MockUIAlertControllerSampleSwift */;
			targetProxy = 483E05321DE8064D00B5E4E4 /* PBXContainerItemProxy */;
		};
/* End PBXTargetDependency section */

/* Begin PBXVariantGroup section */
		483E05241DE8064D00B5E4E4 /* Main.storyboard */ = {
			isa = PBXVariantGroup;
			children = (
				483E05251DE8064D00B5E4E4 /* Base */,
			);
			name = Main.storyboard;
			sourceTree = "<group>";
		};
		483E05291DE8064D00B5E4E4 /* LaunchScreen.storyboard */ = {
			isa = PBXVariantGroup;
			children = (
				483E052A1DE8064D00B5E4E4 /* Base */,
			);
			name = LaunchScreen.storyboard;
			sourceTree = "<group>";
		};
/* End PBXVariantGroup section */

/* Begin XCBuildConfiguration section */
		483E05381DE8064D00B5E4E4 /* Debug */ = {
			isa = XCBuildConfiguration;
			baseConfigurationReference = 4885FDCD1DE8AD3300A9F923 /* XcodeWarnings.xcconfig */;
			buildSettings = {
				ALWAYS_SEARCH_USER_PATHS = NO;
				CLANG_CXX_LANGUAGE_STANDARD = "gnu++0x";
				CLANG_CXX_LIBRARY = "libc++";
				CLANG_ENABLE_MODULES = YES;
				CLANG_ENABLE_OBJC_ARC = YES;
				COPY_PHASE_STRIP = NO;
				DEBUG_INFORMATION_FORMAT = dwarf;
				ENABLE_TESTABILITY = YES;
				GCC_C_LANGUAGE_STANDARD = gnu99;
				GCC_DYNAMIC_NO_PIC = NO;
				GCC_NO_COMMON_BLOCKS = YES;
				GCC_OPTIMIZATION_LEVEL = 0;
				GCC_PREPROCESSOR_DEFINITIONS = (
					"DEBUG=1",
					"$(inherited)",
				);
				IPHONEOS_DEPLOYMENT_TARGET = 10.1;
				ONLY_ACTIVE_ARCH = YES;
				SDKROOT = iphoneos;
				SWIFT_ACTIVE_COMPILATION_CONDITIONS = DEBUG;
				SWIFT_OPTIMIZATION_LEVEL = "-Onone";
				SWIFT_SWIFT3_OBJC_INFERENCE = Off;
				SWIFT_VERSION = 4.2;
				TARGETED_DEVICE_FAMILY = "1,2";
			};
			name = Debug;
		};
		483E05391DE8064D00B5E4E4 /* Release */ = {
			isa = XCBuildConfiguration;
			baseConfigurationReference = 4885FDCD1DE8AD3300A9F923 /* XcodeWarnings.xcconfig */;
			buildSettings = {
				ALWAYS_SEARCH_USER_PATHS = NO;
				CLANG_CXX_LANGUAGE_STANDARD = "gnu++0x";
				CLANG_CXX_LIBRARY = "libc++";
				CLANG_ENABLE_MODULES = YES;
				CLANG_ENABLE_OBJC_ARC = YES;
				COPY_PHASE_STRIP = NO;
				DEBUG_INFORMATION_FORMAT = "dwarf-with-dsym";
				GCC_C_LANGUAGE_STANDARD = gnu99;
				GCC_NO_COMMON_BLOCKS = YES;
				IPHONEOS_DEPLOYMENT_TARGET = 10.1;
				SDKROOT = iphoneos;
				SWIFT_OPTIMIZATION_LEVEL = "-Owholemodule";
				SWIFT_SWIFT3_OBJC_INFERENCE = Off;
				SWIFT_VERSION = 4.2;
				TARGETED_DEVICE_FAMILY = "1,2";
				VALIDATE_PRODUCT = YES;
			};
			name = Release;
		};
		483E053B1DE8064D00B5E4E4 /* Debug */ = {
			isa = XCBuildConfiguration;
			buildSettings = {
				ASSETCATALOG_COMPILER_APPICON_NAME = AppIcon;
				INFOPLIST_FILE = SampleApp/Info.plist;
				LD_RUNPATH_SEARCH_PATHS = "$(inherited) @executable_path/Frameworks";
				PRODUCT_BUNDLE_IDENTIFIER = org.qualitycoding.MockUIAlertControllerSampleSwift;
				PRODUCT_NAME = "$(TARGET_NAME)";
				SWIFT_VERSION = 5.0;
			};
			name = Debug;
		};
		483E053C1DE8064D00B5E4E4 /* Release */ = {
			isa = XCBuildConfiguration;
			buildSettings = {
				ASSETCATALOG_COMPILER_APPICON_NAME = AppIcon;
				INFOPLIST_FILE = SampleApp/Info.plist;
				LD_RUNPATH_SEARCH_PATHS = "$(inherited) @executable_path/Frameworks";
				PRODUCT_BUNDLE_IDENTIFIER = org.qualitycoding.MockUIAlertControllerSampleSwift;
				PRODUCT_NAME = "$(TARGET_NAME)";
				SWIFT_VERSION = 5.0;
			};
			name = Release;
		};
		483E053E1DE8064D00B5E4E4 /* Debug */ = {
			isa = XCBuildConfiguration;
			buildSettings = {
				ALWAYS_EMBED_SWIFT_STANDARD_LIBRARIES = YES;
				BUNDLE_LOADER = "$(TEST_HOST)";
				HEADER_SEARCH_PATHS = "\"$(SRCROOT)/../Source\"";
				INFOPLIST_FILE = Tests/Info.plist;
				LD_RUNPATH_SEARCH_PATHS = "$(inherited) @executable_path/Frameworks @loader_path/Frameworks";
				PRODUCT_BUNDLE_IDENTIFIER = org.qualitycoding.MockUIAlertControllerSampleSwiftTests;
				PRODUCT_NAME = "$(TARGET_NAME)";
				SWIFT_OBJC_BRIDGING_HEADER = "./Tests/MockUIAlertControllerSampleSwiftTests-Bridging-Header.h";
				SWIFT_VERSION = 5.0;
				TEST_HOST = "$(BUILT_PRODUCTS_DIR)/MockUIAlertControllerSampleSwift.app/MockUIAlertControllerSampleSwift";
			};
			name = Debug;
		};
		483E053F1DE8064D00B5E4E4 /* Release */ = {
			isa = XCBuildConfiguration;
			buildSettings = {
				ALWAYS_EMBED_SWIFT_STANDARD_LIBRARIES = YES;
				BUNDLE_LOADER = "$(TEST_HOST)";
				HEADER_SEARCH_PATHS = "\"$(SRCROOT)/../Source\"";
				INFOPLIST_FILE = Tests/Info.plist;
				LD_RUNPATH_SEARCH_PATHS = "$(inherited) @executable_path/Frameworks @loader_path/Frameworks";
				PRODUCT_BUNDLE_IDENTIFIER = org.qualitycoding.MockUIAlertControllerSampleSwiftTests;
				PRODUCT_NAME = "$(TARGET_NAME)";
				SWIFT_OBJC_BRIDGING_HEADER = "./Tests/MockUIAlertControllerSampleSwiftTests-Bridging-Header.h";
				SWIFT_VERSION = 5.0;
				TEST_HOST = "$(BUILT_PRODUCTS_DIR)/MockUIAlertControllerSampleSwift.app/MockUIAlertControllerSampleSwift";
			};
			name = Release;
		};
/* End XCBuildConfiguration section */

/* Begin XCConfigurationList section */
		483E05181DE8064D00B5E4E4 /* Build configuration list for PBXProject "MockUIAlertControllerSampleSwift" */ = {
			isa = XCConfigurationList;
			buildConfigurations = (
				483E05381DE8064D00B5E4E4 /* Debug */,
				483E05391DE8064D00B5E4E4 /* Release */,
			);
			defaultConfigurationIsVisible = 0;
			defaultConfigurationName = Release;
		};
		483E053A1DE8064D00B5E4E4 /* Build configuration list for PBXNativeTarget "MockUIAlertControllerSampleSwift" */ = {
			isa = XCConfigurationList;
			buildConfigurations = (
				483E053B1DE8064D00B5E4E4 /* Debug */,
				483E053C1DE8064D00B5E4E4 /* Release */,
			);
			defaultConfigurationIsVisible = 0;
			defaultConfigurationName = Release;
		};
		483E053D1DE8064D00B5E4E4 /* Build configuration list for PBXNativeTarget "MockUIAlertControllerSampleSwiftTests" */ = {
			isa = XCConfigurationList;
			buildConfigurations = (
				483E053E1DE8064D00B5E4E4 /* Debug */,
				483E053F1DE8064D00B5E4E4 /* Release */,
			);
			defaultConfigurationIsVisible = 0;
			defaultConfigurationName = Release;
		};
/* End XCConfigurationList section */
	};
	rootObject = 483E05151DE8064D00B5E4E4 /* Project object */;
}
