// !$*UTF8*$!
{
	archiveVersion = 1;
	classes = {
	};
	objectVersion = 46;
	objects = {

/* Begin PBXBuildFile section */
		0E748F971B6543A000B29AED /* main.m in Sources */ = {isa = PBXBuildFile; fileRef = 0E748F961B6543A000B29AED /* main.m */; };
		0E748F9A1B6543A000B29AED /* AppDelegate.m in Sources */ = {isa = PBXBuildFile; fileRef = 0E748F991B6543A000B29AED /* AppDelegate.m */; };
		0E748F9D1B6543A000B29AED /* ViewController.m in Sources */ = {isa = PBXBuildFile; fileRef = 0E748F9C1B6543A000B29AED /* ViewController.m */; };
		0E748FA01B6543A000B29AED /* Main.storyboard in Resources */ = {isa = PBXBuildFile; fileRef = 0E748F9E1B6543A000B29AED /* Main.storyboard */; };
		0E748FA21B6543A000B29AED /* Images.xcassets in Resources */ = {isa = PBXBuildFile; fileRef = 0E748FA11B6543A000B29AED /* Images.xcassets */; };
		480574BA2319C67200CB9F89 /* DismissalVerifierTests.m in Sources */ = {isa = PBXBuildFile; fileRef = 480574B92319C67200CB9F89 /* DismissalVerifierTests.m */; };
		483E05421DE80ACF00B5E4E4 /* LaunchScreen.storyboard in Resources */ = {isa = PBXBuildFile; fileRef = 483E05401DE80ACF00B5E4E4 /* LaunchScreen.storyboard */; };
		48A6B5E222E03E4D00356685 /* StoryboardNextViewController.m in Sources */ = {isa = PBXBuildFile; fileRef = 48A6B5E122E03E4D00356685 /* StoryboardNextViewController.m */; };
		48EECF4A22E3B77E00A940C5 /* ViewControllerPresentationSpy.framework in Frameworks */ = {isa = PBXBuildFile; fileRef = 48EECF4222E3B61100A940C5 /* ViewControllerPresentationSpy.framework */; };
		609E9B6130BB35372D63FC0F /* AlertVerifierTests.m in Sources */ = {isa = PBXBuildFile; fileRef = 609E95F254C2B32C24D9C980 /* AlertVerifierTests.m */; };
		609E9F1E2EC677BB9B797C36 /* ViewControllerAlertTests.m in Sources */ = {isa = PBXBuildFile; fileRef = 609E96C55D81BBE28BD81748 /* ViewControllerAlertTests.m */; };
		BB1700CDA7D976FD6DEFFF9F /* ViewControllerPresentationTests.m in Sources */ = {isa = PBXBuildFile; fileRef = BB1701F5D7FE936FC3672B61 /* ViewControllerPresentationTests.m */; };
		BB1706F395003FB985714D2A /* PresentationVerifierTests.m in Sources */ = {isa = PBXBuildFile; fileRef = BB170BCC325BC08FC93AB6BA /* PresentationVerifierTests.m */; };
		BB170BE1D1582E79335462E0 /* CodeNextViewController.m in Sources */ = {isa = PBXBuildFile; fileRef = BB170E0975163F7C4AFB7973 /* CodeNextViewController.m */; };
/* End PBXBuildFile section */

/* Begin PBXContainerItemProxy section */
		0E748FAB1B6543A000B29AED /* PBXContainerItemProxy */ = {
			isa = PBXContainerItemProxy;
			containerPortal = 0E748F891B6543A000B29AED /* Project object */;
			proxyType = 1;
			remoteGlobalIDString = 0E748F901B6543A000B29AED;
			remoteInfo = MockAlertsExample;
		};
		48213EBA25E0CEF600201AEF /* PBXContainerItemProxy */ = {
			isa = PBXContainerItemProxy;
			containerPortal = 48EECF3D22E3B61100A940C5 /* ViewControllerPresentationSpy.xcodeproj */;
			proxyType = 2;
			remoteGlobalIDString = 48213D2F25DF8B2100201AEF;
			remoteInfo = "ViewControllerPresentationSpy-tvOS";
		};
		48EECF4122E3B61100A940C5 /* PBXContainerItemProxy */ = {
			isa = PBXContainerItemProxy;
			containerPortal = 48EECF3D22E3B61100A940C5 /* ViewControllerPresentationSpy.xcodeproj */;
			proxyType = 2;
			remoteGlobalIDString = 48007C792079A76E007A4AB0;
			remoteInfo = ViewControllerPresentationSpy;
		};
/* End PBXContainerItemProxy section */

/* Begin PBXFileReference section */
		0E748F911B6543A000B29AED /* ObjCSampleViewControllerPresentationSpy.app */ = {isa = PBXFileReference; explicitFileType = wrapper.application; includeInIndex = 0; path = ObjCSampleViewControllerPresentationSpy.app; sourceTree = BUILT_PRODUCTS_DIR; };
		0E748F951B6543A000B29AED /* Info.plist */ = {isa = PBXFileReference; lastKnownFileType = text.plist.xml; path = Info.plist; sourceTree = "<group>"; };
		0E748F961B6543A000B29AED /* main.m */ = {isa = PBXFileReference; lastKnownFileType = sourcecode.c.objc; path = main.m; sourceTree = "<group>"; };
		0E748F981B6543A000B29AED /* AppDelegate.h */ = {isa = PBXFileReference; lastKnownFileType = sourcecode.c.h; path = AppDelegate.h; sourceTree = "<group>"; };
		0E748F991B6543A000B29AED /* AppDelegate.m */ = {isa = PBXFileReference; lastKnownFileType = sourcecode.c.objc; path = AppDelegate.m; sourceTree = "<group>"; };
		0E748F9B1B6543A000B29AED /* ViewController.h */ = {isa = PBXFileReference; lastKnownFileType = sourcecode.c.h; path = ViewController.h; sourceTree = "<group>"; };
		0E748F9C1B6543A000B29AED /* ViewController.m */ = {isa = PBXFileReference; lastKnownFileType = sourcecode.c.objc; path = ViewController.m; sourceTree = "<group>"; };
		0E748F9F1B6543A000B29AED /* Base */ = {isa = PBXFileReference; lastKnownFileType = file.storyboard; name = Base; path = Base.lproj/Main.storyboard; sourceTree = "<group>"; };
		0E748FA11B6543A000B29AED /* Images.xcassets */ = {isa = PBXFileReference; lastKnownFileType = folder.assetcatalog; path = Images.xcassets; sourceTree = "<group>"; };
		0E748FAA1B6543A000B29AED /* ObjCSampleViewControllerPresentationSpyTests.xctest */ = {isa = PBXFileReference; explicitFileType = wrapper.cfbundle; includeInIndex = 0; path = ObjCSampleViewControllerPresentationSpyTests.xctest; sourceTree = BUILT_PRODUCTS_DIR; };
		0E748FAF1B6543A000B29AED /* Info.plist */ = {isa = PBXFileReference; lastKnownFileType = text.plist.xml; path = Info.plist; sourceTree = "<group>"; };
		4804BCA522E16949000130AD /* XcodeWarnings.xcconfig */ = {isa = PBXFileReference; fileEncoding = 4; lastKnownFileType = text.xcconfig; name = XcodeWarnings.xcconfig; path = ../../Source/XcodeWarnings.xcconfig; sourceTree = "<group>"; };
		480574B92319C67200CB9F89 /* DismissalVerifierTests.m */ = {isa = PBXFileReference; lastKnownFileType = sourcecode.c.objc; path = DismissalVerifierTests.m; sourceTree = "<group>"; };
		483E05411DE80ACF00B5E4E4 /* Base */ = {isa = PBXFileReference; lastKnownFileType = file.storyboard; name = Base; path = Base.lproj/LaunchScreen.storyboard; sourceTree = "<group>"; };
		48A6B5E022E03E4D00356685 /* StoryboardNextViewController.h */ = {isa = PBXFileReference; lastKnownFileType = sourcecode.c.h; path = StoryboardNextViewController.h; sourceTree = "<group>"; };
		48A6B5E122E03E4D00356685 /* StoryboardNextViewController.m */ = {isa = PBXFileReference; lastKnownFileType = sourcecode.c.objc; path = StoryboardNextViewController.m; sourceTree = "<group>"; };
		48EECF3D22E3B61100A940C5 /* ViewControllerPresentationSpy.xcodeproj */ = {isa = PBXFileReference; lastKnownFileType = "wrapper.pb-project"; name = ViewControllerPresentationSpy.xcodeproj; path = ../../Source/ViewControllerPresentationSpy.xcodeproj; sourceTree = "<group>"; };
		609E95F254C2B32C24D9C980 /* AlertVerifierTests.m */ = {isa = PBXFileReference; fileEncoding = 4; lastKnownFileType = sourcecode.c.objc; path = AlertVerifierTests.m; sourceTree = "<group>"; };
		609E96C55D81BBE28BD81748 /* ViewControllerAlertTests.m */ = {isa = PBXFileReference; fileEncoding = 4; lastKnownFileType = sourcecode.c.objc; path = ViewControllerAlertTests.m; sourceTree = "<group>"; };
		BB1701F5D7FE936FC3672B61 /* ViewControllerPresentationTests.m */ = {isa = PBXFileReference; fileEncoding = 4; lastKnownFileType = sourcecode.c.objc; path = ViewControllerPresentationTests.m; sourceTree = "<group>"; };
		BB170BCC325BC08FC93AB6BA /* PresentationVerifierTests.m */ = {isa = PBXFileReference; fileEncoding = 4; lastKnownFileType = sourcecode.c.objc; path = PresentationVerifierTests.m; sourceTree = "<group>"; };
		BB170D49D0E4E646298833B3 /* CodeNextViewController.h */ = {isa = PBXFileReference; fileEncoding = 4; lastKnownFileType = sourcecode.c.h; path = CodeNextViewController.h; sourceTree = "<group>"; };
		BB170E0975163F7C4AFB7973 /* CodeNextViewController.m */ = {isa = PBXFileReference; fileEncoding = 4; lastKnownFileType = sourcecode.c.objc; path = CodeNextViewController.m; sourceTree = "<group>"; };
/* End PBXFileReference section */

/* Begin PBXFrameworksBuildPhase section */
		0E748F8E1B6543A000B29AED /* Frameworks */ = {
			isa = PBXFrameworksBuildPhase;
			buildActionMask = 2147483647;
			files = (
			);
			runOnlyForDeploymentPostprocessing = 0;
		};
		0E748FA71B6543A000B29AED /* Frameworks */ = {
			isa = PBXFrameworksBuildPhase;
			buildActionMask = 2147483647;
			files = (
				48EECF4A22E3B77E00A940C5 /* ViewControllerPresentationSpy.framework in Frameworks */,
			);
			runOnlyForDeploymentPostprocessing = 0;
		};
/* End PBXFrameworksBuildPhase section */

/* Begin PBXGroup section */
		0E748F881B6543A000B29AED = {
			isa = PBXGroup;
			children = (
				0E748F931B6543A000B29AED /* SampleApp */,
				0E748FAD1B6543A000B29AED /* Tests */,
				0E748F921B6543A000B29AED /* Products */,
				4885FDCA1DE8A32200A9F923 /* Frameworks */,
			);
			sourceTree = "<group>";
		};
		0E748F921B6543A000B29AED /* Products */ = {
			isa = PBXGroup;
			children = (
				0E748F911B6543A000B29AED /* ObjCSampleViewControllerPresentationSpy.app */,
				0E748FAA1B6543A000B29AED /* ObjCSampleViewControllerPresentationSpyTests.xctest */,
			);
			name = Products;
			sourceTree = "<group>";
		};
		0E748F931B6543A000B29AED /* SampleApp */ = {
			isa = PBXGroup;
			children = (
				0E748F9B1B6543A000B29AED /* ViewController.h */,
				0E748F9C1B6543A000B29AED /* ViewController.m */,
				BB170D49D0E4E646298833B3 /* CodeNextViewController.h */,
				BB170E0975163F7C4AFB7973 /* CodeNextViewController.m */,
				48A6B5E022E03E4D00356685 /* StoryboardNextViewController.h */,
				48A6B5E122E03E4D00356685 /* StoryboardNextViewController.m */,
				0E748F9E1B6543A000B29AED /* Main.storyboard */,
				0E748F981B6543A000B29AED /* AppDelegate.h */,
				0E748F991B6543A000B29AED /* AppDelegate.m */,
				0E748FA11B6543A000B29AED /* Images.xcassets */,
				483E05401DE80ACF00B5E4E4 /* LaunchScreen.storyboard */,
				0E748F941B6543A000B29AED /* Supporting Files */,
			);
			path = SampleApp;
			sourceTree = "<group>";
		};
		0E748F941B6543A000B29AED /* Supporting Files */ = {
			isa = PBXGroup;
			children = (
				0E748F951B6543A000B29AED /* Info.plist */,
				0E748F961B6543A000B29AED /* main.m */,
			);
			name = "Supporting Files";
			sourceTree = "<group>";
		};
		0E748FAD1B6543A000B29AED /* Tests */ = {
			isa = PBXGroup;
			children = (
				609E96C55D81BBE28BD81748 /* ViewControllerAlertTests.m */,
				BB1701F5D7FE936FC3672B61 /* ViewControllerPresentationTests.m */,
				48EECF3D22E3B61100A940C5 /* ViewControllerPresentationSpy.xcodeproj */,
				0E748FAF1B6543A000B29AED /* Info.plist */,
				4804BCA522E16949000130AD /* XcodeWarnings.xcconfig */,
				609E95F254C2B32C24D9C980 /* AlertVerifierTests.m */,
				BB170BCC325BC08FC93AB6BA /* PresentationVerifierTests.m */,
				480574B92319C67200CB9F89 /* DismissalVerifierTests.m */,
			);
			path = Tests;
			sourceTree = "<group>";
		};
		4885FDCA1DE8A32200A9F923 /* Frameworks */ = {
			isa = PBXGroup;
			children = (
			);
			name = Frameworks;
			sourceTree = "<group>";
		};
		48EECF3E22E3B61100A940C5 /* Products */ = {
			isa = PBXGroup;
			children = (
				48EECF4222E3B61100A940C5 /* ViewControllerPresentationSpy.framework */,
				48213EBB25E0CEF600201AEF /* ViewControllerPresentationSpy.framework */,
			);
			name = Products;
			sourceTree = "<group>";
		};
/* End PBXGroup section */

/* Begin PBXNativeTarget section */
		0E748F901B6543A000B29AED /* ObjCSampleViewControllerPresentationSpy */ = {
			isa = PBXNativeTarget;
			buildConfigurationList = 0E748FB41B6543A000B29AED /* Build configuration list for PBXNativeTarget "ObjCSampleViewControllerPresentationSpy" */;
			buildPhases = (
				0E748F8D1B6543A000B29AED /* Sources */,
				0E748F8E1B6543A000B29AED /* Frameworks */,
				0E748F8F1B6543A000B29AED /* Resources */,
			);
			buildRules = (
			);
			dependencies = (
			);
			name = ObjCSampleViewControllerPresentationSpy;
			productName = MockAlertsExample;
			productReference = 0E748F911B6543A000B29AED /* ObjCSampleViewControllerPresentationSpy.app */;
			productType = "com.apple.product-type.application";
		};
		0E748FA91B6543A000B29AED /* ObjCSampleViewControllerPresentationSpyTests */ = {
			isa = PBXNativeTarget;
			buildConfigurationList = 0E748FB71B6543A000B29AED /* Build configuration list for PBXNativeTarget "ObjCSampleViewControllerPresentationSpyTests" */;
			buildPhases = (
				0E748FA61B6543A000B29AED /* Sources */,
				0E748FA71B6543A000B29AED /* Frameworks */,
				0E748FA81B6543A000B29AED /* Resources */,
			);
			buildRules = (
			);
			dependencies = (
				0E748FAC1B6543A000B29AED /* PBXTargetDependency */,
			);
			name = ObjCSampleViewControllerPresentationSpyTests;
			productName = MockAlertsExampleTests;
			productReference = 0E748FAA1B6543A000B29AED /* ObjCSampleViewControllerPresentationSpyTests.xctest */;
			productType = "com.apple.product-type.bundle.unit-test";
		};
/* End PBXNativeTarget section */

/* Begin PBXProject section */
		0E748F891B6543A000B29AED /* Project object */ = {
			isa = PBXProject;
			attributes = {
				LastUpgradeCheck = 1240;
				ORGANIZATIONNAME = "Jon Reid";
				TargetAttributes = {
					0E748F901B6543A000B29AED = {
						CreatedOnToolsVersion = 6.4;
						LastSwiftMigration = 1020;
					};
					0E748FA91B6543A000B29AED = {
						CreatedOnToolsVersion = 6.4;
						TestTargetID = 0E748F901B6543A000B29AED;
					};
				};
			};
			buildConfigurationList = 0E748F8C1B6543A000B29AED /* Build configuration list for PBXProject "ObjCSampleViewControllerPresentationSpy" */;
			compatibilityVersion = "Xcode 3.2";
			developmentRegion = en;
			hasScannedForEncodings = 0;
			knownRegions = (
				en,
				Base,
			);
			mainGroup = 0E748F881B6543A000B29AED;
			productRefGroup = 0E748F921B6543A000B29AED /* Products */;
			projectDirPath = "";
			projectReferences = (
				{
					ProductGroup = 48EECF3E22E3B61100A940C5 /* Products */;
					ProjectRef = 48EECF3D22E3B61100A940C5 /* ViewControllerPresentationSpy.xcodeproj */;
				},
			);
			projectRoot = "";
			targets = (
				0E748F901B6543A000B29AED /* ObjCSampleViewControllerPresentationSpy */,
				0E748FA91B6543A000B29AED /* ObjCSampleViewControllerPresentationSpyTests */,
			);
		};
/* End PBXProject section */

/* Begin PBXReferenceProxy section */
		48213EBB25E0CEF600201AEF /* ViewControllerPresentationSpy.framework */ = {
			isa = PBXReferenceProxy;
			fileType = wrapper.framework;
			path = ViewControllerPresentationSpy.framework;
			remoteRef = 48213EBA25E0CEF600201AEF /* PBXContainerItemProxy */;
			sourceTree = BUILT_PRODUCTS_DIR;
		};
		48EECF4222E3B61100A940C5 /* ViewControllerPresentationSpy.framework */ = {
			isa = PBXReferenceProxy;
			fileType = wrapper.framework;
			path = ViewControllerPresentationSpy.framework;
			remoteRef = 48EECF4122E3B61100A940C5 /* PBXContainerItemProxy */;
			sourceTree = BUILT_PRODUCTS_DIR;
		};
/* End PBXReferenceProxy section */

/* Begin PBXResourcesBuildPhase section */
		0E748F8F1B6543A000B29AED /* Resources */ = {
			isa = PBXResourcesBuildPhase;
			buildActionMask = 2147483647;
			files = (
				483E05421DE80ACF00B5E4E4 /* LaunchScreen.storyboard in Resources */,
				0E748FA01B6543A000B29AED /* Main.storyboard in Resources */,
				0E748FA21B6543A000B29AED /* Images.xcassets in Resources */,
			);
			runOnlyForDeploymentPostprocessing = 0;
		};
		0E748FA81B6543A000B29AED /* Resources */ = {
			isa = PBXResourcesBuildPhase;
			buildActionMask = 2147483647;
			files = (
			);
			runOnlyForDeploymentPostprocessing = 0;
		};
/* End PBXResourcesBuildPhase section */

/* Begin PBXSourcesBuildPhase section */
		0E748F8D1B6543A000B29AED /* Sources */ = {
			isa = PBXSourcesBuildPhase;
			buildActionMask = 2147483647;
			files = (
				0E748F9D1B6543A000B29AED /* ViewController.m in Sources */,
				0E748F9A1B6543A000B29AED /* AppDelegate.m in Sources */,
				0E748F971B6543A000B29AED /* main.m in Sources */,
				BB170BE1D1582E79335462E0 /* CodeNextViewController.m in Sources */,
				48A6B5E222E03E4D00356685 /* StoryboardNextViewController.m in Sources */,
			);
			runOnlyForDeploymentPostprocessing = 0;
		};
		0E748FA61B6543A000B29AED /* Sources */ = {
			isa = PBXSourcesBuildPhase;
			buildActionMask = 2147483647;
			files = (
				609E9B6130BB35372D63FC0F /* AlertVerifierTests.m in Sources */,
				480574BA2319C67200CB9F89 /* DismissalVerifierTests.m in Sources */,
				609E9F1E2EC677BB9B797C36 /* ViewControllerAlertTests.m in Sources */,
				BB1700CDA7D976FD6DEFFF9F /* ViewControllerPresentationTests.m in Sources */,
				BB1706F395003FB985714D2A /* PresentationVerifierTests.m in Sources */,
			);
			runOnlyForDeploymentPostprocessing = 0;
		};
/* End PBXSourcesBuildPhase section */

/* Begin PBXTargetDependency section */
		0E748FAC1B6543A000B29AED /* PBXTargetDependency */ = {
			isa = PBXTargetDependency;
			target = 0E748F901B6543A000B29AED /* ObjCSampleViewControllerPresentationSpy */;
			targetProxy = 0E748FAB1B6543A000B29AED /* PBXContainerItemProxy */;
		};
/* End PBXTargetDependency section */

/* Begin PBXVariantGroup section */
		0E748F9E1B6543A000B29AED /* Main.storyboard */ = {
			isa = PBXVariantGroup;
			children = (
				0E748F9F1B6543A000B29AED /* Base */,
			);
			name = Main.storyboard;
			sourceTree = "<group>";
		};
		483E05401DE80ACF00B5E4E4 /* LaunchScreen.storyboard */ = {
			isa = PBXVariantGroup;
			children = (
				483E05411DE80ACF00B5E4E4 /* Base */,
			);
			name = LaunchScreen.storyboard;
			sourceTree = "<group>";
		};
/* End PBXVariantGroup section */

/* Begin XCBuildConfiguration section */
		0E748FB21B6543A000B29AED /* Debug */ = {
			isa = XCBuildConfiguration;
			baseConfigurationReference = 4804BCA522E16949000130AD /* XcodeWarnings.xcconfig */;
			buildSettings = {
				ALWAYS_SEARCH_USER_PATHS = NO;
				CLANG_ENABLE_MODULES = YES;
				CLANG_ENABLE_OBJC_ARC = YES;
				CLANG_WARN_QUOTED_INCLUDE_IN_FRAMEWORK_HEADER = NO;
				CODE_SIGN_IDENTITY = "";
				COPY_PHASE_STRIP = NO;
				DEBUG_INFORMATION_FORMAT = dwarf;
				ENABLE_STRICT_OBJC_MSGSEND = YES;
				ENABLE_TESTABILITY = YES;
				GCC_C_LANGUAGE_STANDARD = gnu99;
				GCC_DYNAMIC_NO_PIC = NO;
				GCC_GENERATE_TEST_COVERAGE_FILES = YES;
				GCC_INSTRUMENT_PROGRAM_FLOW_ARCS = YES;
				GCC_NO_COMMON_BLOCKS = YES;
				GCC_OPTIMIZATION_LEVEL = 0;
				GCC_PREPROCESSOR_DEFINITIONS = (
					"DEBUG=1",
					"$(inherited)",
				);
				GCC_SYMBOLS_PRIVATE_EXTERN = NO;
				IPHONEOS_DEPLOYMENT_TARGET = 12.1;
				ONLY_ACTIVE_ARCH = YES;
				SDKROOT = iphoneos;
				TARGETED_DEVICE_FAMILY = "1,2";
			};
			name = Debug;
		};
		0E748FB31B6543A000B29AED /* Release */ = {
			isa = XCBuildConfiguration;
			baseConfigurationReference = 4804BCA522E16949000130AD /* XcodeWarnings.xcconfig */;
			buildSettings = {
				ALWAYS_SEARCH_USER_PATHS = NO;
				CLANG_ENABLE_MODULES = YES;
				CLANG_ENABLE_OBJC_ARC = YES;
				CLANG_WARN_QUOTED_INCLUDE_IN_FRAMEWORK_HEADER = NO;
				CODE_SIGN_IDENTITY = "";
				COPY_PHASE_STRIP = NO;
				DEBUG_INFORMATION_FORMAT = dwarf;
				ENABLE_NS_ASSERTIONS = NO;
				ENABLE_STRICT_OBJC_MSGSEND = YES;
				GCC_C_LANGUAGE_STANDARD = gnu99;
				GCC_GENERATE_TEST_COVERAGE_FILES = YES;
				GCC_INSTRUMENT_PROGRAM_FLOW_ARCS = YES;
				GCC_NO_COMMON_BLOCKS = YES;
				IPHONEOS_DEPLOYMENT_TARGET = 12.1;
				SDKROOT = iphoneos;
				TARGETED_DEVICE_FAMILY = "1,2";
				VALIDATE_PRODUCT = YES;
			};
			name = Release;
		};
		0E748FB51B6543A000B29AED /* Debug */ = {
			isa = XCBuildConfiguration;
			buildSettings = {
				ASSETCATALOG_COMPILER_APPICON_NAME = AppIcon;
				CLANG_ENABLE_MODULES = YES;
				FRAMEWORK_SEARCH_PATHS = "$(inherited)";
				INFOPLIST_FILE = SampleApp/Info.plist;
				LD_RUNPATH_SEARCH_PATHS = "$(inherited) @executable_path/Frameworks";
				OTHER_LDFLAGS = (
					"-framework",
					Foundation,
					"-framework",
					UIKit,
				);
				PRODUCT_BUNDLE_IDENTIFIER = "org.qualitycoding.$(PRODUCT_NAME:rfc1034identifier)";
				PRODUCT_NAME = ObjCSampleViewControllerPresentationSpy;
				SWIFT_OPTIMIZATION_LEVEL = "-Onone";
				SWIFT_VERSION = 5.0;
			};
			name = Debug;
		};
		0E748FB61B6543A000B29AED /* Release */ = {
			isa = XCBuildConfiguration;
			buildSettings = {
				ASSETCATALOG_COMPILER_APPICON_NAME = AppIcon;
				CLANG_ENABLE_MODULES = YES;
				FRAMEWORK_SEARCH_PATHS = "$(inherited)";
				INFOPLIST_FILE = SampleApp/Info.plist;
				LD_RUNPATH_SEARCH_PATHS = "$(inherited) @executable_path/Frameworks";
				OTHER_LDFLAGS = (
					"-framework",
					Foundation,
					"-framework",
					UIKit,
				);
				PRODUCT_BUNDLE_IDENTIFIER = "org.qualitycoding.$(PRODUCT_NAME:rfc1034identifier)";
				PRODUCT_NAME = ObjCSampleViewControllerPresentationSpy;
				SWIFT_VERSION = 5.0;
			};
			name = Release;
		};
		0E748FB81B6543A000B29AED /* Debug */ = {
			isa = XCBuildConfiguration;
			buildSettings = {
				ALWAYS_EMBED_SWIFT_STANDARD_LIBRARIES = YES;
				BUNDLE_LOADER = "$(TEST_HOST)";
				GCC_PREPROCESSOR_DEFINITIONS = (
					"DEBUG=1",
					"$(inherited)",
				);
				HEADER_SEARCH_PATHS = "\"$(SRCROOT)/../Source\"";
				INFOPLIST_FILE = Tests/Info.plist;
				LD_RUNPATH_SEARCH_PATHS = "$(inherited) @executable_path/Frameworks @loader_path/Frameworks";
				OTHER_LDFLAGS = (
					"-ObjC",
					"-framework",
					Foundation,
					"-framework",
					UIKit,
					"-framework",
					XCTest,
				);
				PRODUCT_BUNDLE_IDENTIFIER = "org.qualitycoding.$(PRODUCT_NAME:rfc1034identifier)";
				PRODUCT_NAME = ObjCSampleViewControllerPresentationSpyTests;
				TEST_HOST = "$(BUILT_PRODUCTS_DIR)/ObjCSampleViewControllerPresentationSpy.app/ObjCSampleViewControllerPresentationSpy";
			};
			name = Debug;
		};
		0E748FB91B6543A000B29AED /* Release */ = {
			isa = XCBuildConfiguration;
			buildSettings = {
				ALWAYS_EMBED_SWIFT_STANDARD_LIBRARIES = YES;
				BUNDLE_LOADER = "$(TEST_HOST)";
				HEADER_SEARCH_PATHS = "\"$(SRCROOT)/../Source\"";
				INFOPLIST_FILE = Tests/Info.plist;
				LD_RUNPATH_SEARCH_PATHS = "$(inherited) @executable_path/Frameworks @loader_path/Frameworks";
				OTHER_LDFLAGS = (
					"-ObjC",
					"-framework",
					Foundation,
					"-framework",
					UIKit,
					"-framework",
					XCTest,
				);
				PRODUCT_BUNDLE_IDENTIFIER = "org.qualitycoding.$(PRODUCT_NAME:rfc1034identifier)";
				PRODUCT_NAME = ObjCSampleViewControllerPresentationSpyTests;
				TEST_HOST = "$(BUILT_PRODUCTS_DIR)/ObjCSampleViewControllerPresentationSpy.app/ObjCSampleViewControllerPresentationSpy";
			};
			name = Release;
		};
/* End XCBuildConfiguration section */

/* Begin XCConfigurationList section */
		0E748F8C1B6543A000B29AED /* Build configuration list for PBXProject "ObjCSampleViewControllerPresentationSpy" */ = {
			isa = XCConfigurationList;
			buildConfigurations = (
				0E748FB21B6543A000B29AED /* Debug */,
				0E748FB31B6543A000B29AED /* Release */,
			);
			defaultConfigurationIsVisible = 0;
			defaultConfigurationName = Release;
		};
		0E748FB41B6543A000B29AED /* Build configuration list for PBXNativeTarget "ObjCSampleViewControllerPresentationSpy" */ = {
			isa = XCConfigurationList;
			buildConfigurations = (
				0E748FB51B6543A000B29AED /* Debug */,
				0E748FB61B6543A000B29AED /* Release */,
			);
			defaultConfigurationIsVisible = 0;
			defaultConfigurationName = Release;
		};
		0E748FB71B6543A000B29AED /* Build configuration list for PBXNativeTarget "ObjCSampleViewControllerPresentationSpyTests" */ = {
			isa = XCConfigurationList;
			buildConfigurations = (
				0E748FB81B6543A000B29AED /* Debug */,
				0E748FB91B6543A000B29AED /* Release */,
			);
			defaultConfigurationIsVisible = 0;
			defaultConfigurationName = Release;
		};
/* End XCConfigurationList section */
	};
	rootObject = 0E748F891B6543A000B29AED /* Project object */;
}
