// !$*UTF8*$!
{
	archiveVersion = 1;
	classes = {
	};
	objectVersion = 46;
	objects = {

/* Begin PBXBuildFile section */
		0E14BAD41C2C79AB00314F3E /* NSObject+QCOMockAlerts.h in Headers */ = {isa = PBXBuildFile; fileRef = 0E14BAC81C2C79AB00314F3E /* NSObject+QCOMockAlerts.h */; };
		0E14BAD51C2C79AB00314F3E /* NSObject+QCOMockAlerts.m in Sources */ = {isa = PBXBuildFile; fileRef = 0E14BAC91C2C79AB00314F3E /* NSObject+QCOMockAlerts.m */; };
		0E14BAD61C2C79AB00314F3E /* QCOMockAlertVerifier.h in Headers */ = {isa = PBXBuildFile; fileRef = 0E14BACA1C2C79AB00314F3E /* QCOMockAlertVerifier.h */; settings = {ATTRIBUTES = (Public, ); }; };
		0E14BAD71C2C79AB00314F3E /* QCOMockAlertVerifier.m in Sources */ = {isa = PBXBuildFile; fileRef = 0E14BACB1C2C79AB00314F3E /* QCOMockAlertVerifier.m */; };
		0E14BAD81C2C79AB00314F3E /* QCOMockPopoverPresentationController.h in Headers */ = {isa = PBXBuildFile; fileRef = 0E14BACC1C2C79AB00314F3E /* QCOMockPopoverPresentationController.h */; settings = {ATTRIBUTES = (Public, ); }; };
		0E14BAD91C2C79AB00314F3E /* QCOMockPopoverPresentationController.m in Sources */ = {isa = PBXBuildFile; fileRef = 0E14BACD1C2C79AB00314F3E /* QCOMockPopoverPresentationController.m */; };
		0E14BADA1C2C79AB00314F3E /* UIAlertAction+QCOMock.h in Headers */ = {isa = PBXBuildFile; fileRef = 0E14BACE1C2C79AB00314F3E /* UIAlertAction+QCOMock.h */; };
		0E14BADB1C2C79AB00314F3E /* UIAlertAction+QCOMock.m in Sources */ = {isa = PBXBuildFile; fileRef = 0E14BACF1C2C79AB00314F3E /* UIAlertAction+QCOMock.m */; };
		0E14BADC1C2C79AB00314F3E /* UIAlertController+QCOMock.h in Headers */ = {isa = PBXBuildFile; fileRef = 0E14BAD01C2C79AB00314F3E /* UIAlertController+QCOMock.h */; };
		0E14BADD1C2C79AB00314F3E /* UIAlertController+QCOMock.m in Sources */ = {isa = PBXBuildFile; fileRef = 0E14BAD11C2C79AB00314F3E /* UIAlertController+QCOMock.m */; };
		0E14BADE1C2C79AB00314F3E /* UIViewController+QCOMock.h in Headers */ = {isa = PBXBuildFile; fileRef = 0E14BAD21C2C79AB00314F3E /* UIViewController+QCOMock.h */; };
		0E14BADF1C2C79AB00314F3E /* UIViewController+QCOMock.m in Sources */ = {isa = PBXBuildFile; fileRef = 0E14BAD31C2C79AB00314F3E /* UIViewController+QCOMock.m */; };
/* End PBXBuildFile section */

/* Begin PBXFileReference section */
		0E14BAA81C2C619300314F3E /* MockUIAlertController.framework */ = {isa = PBXFileReference; explicitFileType = wrapper.framework; includeInIndex = 0; path = MockUIAlertController.framework; sourceTree = BUILT_PRODUCTS_DIR; };
		0E14BAC21C2C62EE00314F3E /* Info.plist */ = {isa = PBXFileReference; lastKnownFileType = text.plist.xml; path = Info.plist; sourceTree = "<group>"; };
		0E14BAC41C2C782700314F3E /* XcodeWarnings.xcconfig */ = {isa = PBXFileReference; lastKnownFileType = text.xcconfig; path = XcodeWarnings.xcconfig; sourceTree = "<group>"; };
		0E14BAC81C2C79AB00314F3E /* NSObject+QCOMockAlerts.h */ = {isa = PBXFileReference; fileEncoding = 4; lastKnownFileType = sourcecode.c.h; path = "NSObject+QCOMockAlerts.h"; sourceTree = "<group>"; };
		0E14BAC91C2C79AB00314F3E /* NSObject+QCOMockAlerts.m */ = {isa = PBXFileReference; fileEncoding = 4; lastKnownFileType = sourcecode.c.objc; path = "NSObject+QCOMockAlerts.m"; sourceTree = "<group>"; };
		0E14BACA1C2C79AB00314F3E /* QCOMockAlertVerifier.h */ = {isa = PBXFileReference; fileEncoding = 4; lastKnownFileType = sourcecode.c.h; path = QCOMockAlertVerifier.h; sourceTree = "<group>"; };
		0E14BACB1C2C79AB00314F3E /* QCOMockAlertVerifier.m */ = {isa = PBXFileReference; fileEncoding = 4; lastKnownFileType = sourcecode.c.objc; path = QCOMockAlertVerifier.m; sourceTree = "<group>"; };
		0E14BACC1C2C79AB00314F3E /* QCOMockPopoverPresentationController.h */ = {isa = PBXFileReference; fileEncoding = 4; lastKnownFileType = sourcecode.c.h; path = QCOMockPopoverPresentationController.h; sourceTree = "<group>"; };
		0E14BACD1C2C79AB00314F3E /* QCOMockPopoverPresentationController.m */ = {isa = PBXFileReference; fileEncoding = 4; lastKnownFileType = sourcecode.c.objc; path = QCOMockPopoverPresentationController.m; sourceTree = "<group>"; };
		0E14BACE1C2C79AB00314F3E /* UIAlertAction+QCOMock.h */ = {isa = PBXFileReference; fileEncoding = 4; lastKnownFileType = sourcecode.c.h; path = "UIAlertAction+QCOMock.h"; sourceTree = "<group>"; };
		0E14BACF1C2C79AB00314F3E /* UIAlertAction+QCOMock.m */ = {isa = PBXFileReference; fileEncoding = 4; lastKnownFileType = sourcecode.c.objc; path = "UIAlertAction+QCOMock.m"; sourceTree = "<group>"; };
		0E14BAD01C2C79AB00314F3E /* UIAlertController+QCOMock.h */ = {isa = PBXFileReference; fileEncoding = 4; lastKnownFileType = sourcecode.c.h; path = "UIAlertController+QCOMock.h"; sourceTree = "<group>"; };
		0E14BAD11C2C79AB00314F3E /* UIAlertController+QCOMock.m */ = {isa = PBXFileReference; fileEncoding = 4; lastKnownFileType = sourcecode.c.objc; path = "UIAlertController+QCOMock.m"; sourceTree = "<group>"; };
		0E14BAD21C2C79AB00314F3E /* UIViewController+QCOMock.h */ = {isa = PBXFileReference; fileEncoding = 4; lastKnownFileType = sourcecode.c.h; path = "UIViewController+QCOMock.h"; sourceTree = "<group>"; };
		0E14BAD31C2C79AB00314F3E /* UIViewController+QCOMock.m */ = {isa = PBXFileReference; fileEncoding = 4; lastKnownFileType = sourcecode.c.objc; path = "UIViewController+QCOMock.m"; sourceTree = "<group>"; };
/* End PBXFileReference section */

/* Begin PBXFrameworksBuildPhase section */
		0E14BAA41C2C619300314F3E /* Frameworks */ = {
			isa = PBXFrameworksBuildPhase;
			buildActionMask = 2147483647;
			files = (
			);
			runOnlyForDeploymentPostprocessing = 0;
		};
/* End PBXFrameworksBuildPhase section */

/* Begin PBXGroup section */
		0E14BA9E1C2C619300314F3E = {
			isa = PBXGroup;
			children = (
				0E14BAAA1C2C619300314F3E /* MockUIAlertController */,
				0E14BAC11C2C628800314F3E /* Supporting Files */,
				0E14BAA91C2C619300314F3E /* Products */,
			);
			sourceTree = "<group>";
		};
		0E14BAA91C2C619300314F3E /* Products */ = {
			isa = PBXGroup;
			children = (
				0E14BAA81C2C619300314F3E /* MockUIAlertController.framework */,
			);
			name = Products;
			sourceTree = "<group>";
		};
		0E14BAAA1C2C619300314F3E /* MockUIAlertController */ = {
			isa = PBXGroup;
			children = (
				0E14BAC81C2C79AB00314F3E /* NSObject+QCOMockAlerts.h */,
				0E14BAC91C2C79AB00314F3E /* NSObject+QCOMockAlerts.m */,
				0E14BACA1C2C79AB00314F3E /* QCOMockAlertVerifier.h */,
				0E14BACB1C2C79AB00314F3E /* QCOMockAlertVerifier.m */,
				0E14BACC1C2C79AB00314F3E /* QCOMockPopoverPresentationController.h */,
				0E14BACD1C2C79AB00314F3E /* QCOMockPopoverPresentationController.m */,
				0E14BACE1C2C79AB00314F3E /* UIAlertAction+QCOMock.h */,
				0E14BACF1C2C79AB00314F3E /* UIAlertAction+QCOMock.m */,
				0E14BAD01C2C79AB00314F3E /* UIAlertController+QCOMock.h */,
				0E14BAD11C2C79AB00314F3E /* UIAlertController+QCOMock.m */,
				0E14BAD21C2C79AB00314F3E /* UIViewController+QCOMock.h */,
				0E14BAD31C2C79AB00314F3E /* UIViewController+QCOMock.m */,
			);
			path = MockUIAlertController;
			sourceTree = "<group>";
		};
		0E14BAC11C2C628800314F3E /* Supporting Files */ = {
			isa = PBXGroup;
			children = (
				0E14BAC21C2C62EE00314F3E /* Info.plist */,
				0E14BAC41C2C782700314F3E /* XcodeWarnings.xcconfig */,
			);
			name = "Supporting Files";
			sourceTree = "<group>";
		};
/* End PBXGroup section */

/* Begin PBXHeadersBuildPhase section */
		0E14BAA51C2C619300314F3E /* Headers */ = {
			isa = PBXHeadersBuildPhase;
			buildActionMask = 2147483647;
			files = (
				0E14BAD81C2C79AB00314F3E /* QCOMockPopoverPresentationController.h in Headers */,
				0E14BADA1C2C79AB00314F3E /* UIAlertAction+QCOMock.h in Headers */,
				0E14BAD41C2C79AB00314F3E /* NSObject+QCOMockAlerts.h in Headers */,
				0E14BADE1C2C79AB00314F3E /* UIViewController+QCOMock.h in Headers */,
				0E14BAD61C2C79AB00314F3E /* QCOMockAlertVerifier.h in Headers */,
				0E14BADC1C2C79AB00314F3E /* UIAlertController+QCOMock.h in Headers */,
			);
			runOnlyForDeploymentPostprocessing = 0;
		};
/* End PBXHeadersBuildPhase section */

/* Begin PBXNativeTarget section */
		0E14BAA71C2C619300314F3E /* MockUIAlertController */ = {
			isa = PBXNativeTarget;
			buildConfigurationList = 0E14BAB01C2C619300314F3E /* Build configuration list for PBXNativeTarget "MockUIAlertController" */;
			buildPhases = (
				0E14BAA31C2C619300314F3E /* Sources */,
				0E14BAA41C2C619300314F3E /* Frameworks */,
				0E14BAA51C2C619300314F3E /* Headers */,
				0E14BAA61C2C619300314F3E /* Resources */,
			);
			buildRules = (
			);
			dependencies = (
			);
			name = MockUIAlertController;
			productName = MockUIAlertController;
			productReference = 0E14BAA81C2C619300314F3E /* MockUIAlertController.framework */;
			productType = "com.apple.product-type.framework";
		};
/* End PBXNativeTarget section */

/* Begin PBXProject section */
		0E14BA9F1C2C619300314F3E /* Project object */ = {
			isa = PBXProject;
			attributes = {
				LastUpgradeCheck = 0720;
				ORGANIZATIONNAME = "Jon Reid";
				TargetAttributes = {
					0E14BAA71C2C619300314F3E = {
						CreatedOnToolsVersion = 7.2;
					};
				};
			};
			buildConfigurationList = 0E14BAA21C2C619300314F3E /* Build configuration list for PBXProject "MockUIAlertController" */;
			compatibilityVersion = "Xcode 3.2";
			developmentRegion = English;
			hasScannedForEncodings = 0;
			knownRegions = (
				en,
			);
			mainGroup = 0E14BA9E1C2C619300314F3E;
			productRefGroup = 0E14BAA91C2C619300314F3E /* Products */;
			projectDirPath = "";
			projectRoot = "";
			targets = (
				0E14BAA71C2C619300314F3E /* MockUIAlertController */,
			);
		};
/* End PBXProject section */

/* Begin PBXResourcesBuildPhase section */
		0E14BAA61C2C619300314F3E /* Resources */ = {
			isa = PBXResourcesBuildPhase;
			buildActionMask = 2147483647;
			files = (
			);
			runOnlyForDeploymentPostprocessing = 0;
		};
/* End PBXResourcesBuildPhase section */

/* Begin PBXSourcesBuildPhase section */
		0E14BAA31C2C619300314F3E /* Sources */ = {
			isa = PBXSourcesBuildPhase;
			buildActionMask = 2147483647;
			files = (
				0E14BAD71C2C79AB00314F3E /* QCOMockAlertVerifier.m in Sources */,
				0E14BAD91C2C79AB00314F3E /* QCOMockPopoverPresentationController.m in Sources */,
				0E14BADB1C2C79AB00314F3E /* UIAlertAction+QCOMock.m in Sources */,
				0E14BAD51C2C79AB00314F3E /* NSObject+QCOMockAlerts.m in Sources */,
				0E14BADF1C2C79AB00314F3E /* UIViewController+QCOMock.m in Sources */,
				0E14BADD1C2C79AB00314F3E /* UIAlertController+QCOMock.m in Sources */,
			);
			runOnlyForDeploymentPostprocessing = 0;
		};
/* End PBXSourcesBuildPhase section */

/* Begin XCBuildConfiguration section */
		0E14BAAE1C2C619300314F3E /* Debug */ = {
			isa = XCBuildConfiguration;
			baseConfigurationReference = 0E14BAC41C2C782700314F3E /* XcodeWarnings.xcconfig */;
			buildSettings = {
				ALWAYS_SEARCH_USER_PATHS = NO;
				CLANG_ENABLE_MODULES = YES;
				CLANG_ENABLE_OBJC_ARC = YES;
				DEBUG_INFORMATION_FORMAT = dwarf;
				ENABLE_TESTABILITY = YES;
				GCC_C_LANGUAGE_STANDARD = gnu99;
				GCC_GENERATE_TEST_COVERAGE_FILES = YES;
				GCC_INSTRUMENT_PROGRAM_FLOW_ARCS = YES;
				GCC_NO_COMMON_BLOCKS = YES;
				GCC_OPTIMIZATION_LEVEL = 0;
				GCC_PREPROCESSOR_DEFINITIONS = (
					"DEBUG=1",
					"$(inherited)",
				);
				IPHONEOS_DEPLOYMENT_TARGET = 8.0;
				ONLY_ACTIVE_ARCH = YES;
				SDKROOT = iphoneos;
				TARGETED_DEVICE_FAMILY = "1,2";
			};
			name = Debug;
		};
		0E14BAAF1C2C619300314F3E /* Release */ = {
			isa = XCBuildConfiguration;
			baseConfigurationReference = 0E14BAC41C2C782700314F3E /* XcodeWarnings.xcconfig */;
			buildSettings = {
				ALWAYS_SEARCH_USER_PATHS = NO;
				CLANG_ENABLE_MODULES = YES;
				CLANG_ENABLE_OBJC_ARC = YES;
				DEBUG_INFORMATION_FORMAT = "dwarf-with-dsym";
				GCC_C_LANGUAGE_STANDARD = gnu99;
				GCC_GENERATE_TEST_COVERAGE_FILES = YES;
				GCC_INSTRUMENT_PROGRAM_FLOW_ARCS = YES;
				GCC_NO_COMMON_BLOCKS = YES;
				IPHONEOS_DEPLOYMENT_TARGET = 8.0;
				SDKROOT = iphoneos;
				TARGETED_DEVICE_FAMILY = "1,2";
			};
			name = Release;
		};
		0E14BAB11C2C619300314F3E /* Debug */ = {
			isa = XCBuildConfiguration;
			buildSettings = {
				DYLIB_INSTALL_NAME_BASE = "@rpath";
				INFOPLIST_FILE = Info.plist;
				INSTALL_PATH = "$(LOCAL_LIBRARY_DIR)/Frameworks";
				LD_RUNPATH_SEARCH_PATHS = "$(inherited) @executable_path/Frameworks @loader_path/Frameworks";
				PRODUCT_BUNDLE_IDENTIFIER = org.qualitycoding.MockUIAlertController;
				PRODUCT_NAME = "$(TARGET_NAME)";
				SKIP_INSTALL = YES;
			};
			name = Debug;
		};
		0E14BAB21C2C619300314F3E /* Release */ = {
			isa = XCBuildConfiguration;
			buildSettings = {
				DYLIB_INSTALL_NAME_BASE = "@rpath";
				INFOPLIST_FILE = Info.plist;
				INSTALL_PATH = "$(LOCAL_LIBRARY_DIR)/Frameworks";
				LD_RUNPATH_SEARCH_PATHS = "$(inherited) @executable_path/Frameworks @loader_path/Frameworks";
				PRODUCT_BUNDLE_IDENTIFIER = org.qualitycoding.MockUIAlertController;
				PRODUCT_NAME = "$(TARGET_NAME)";
				SKIP_INSTALL = YES;
			};
			name = Release;
		};
/* End XCBuildConfiguration section */

/* Begin XCConfigurationList section */
		0E14BAA21C2C619300314F3E /* Build configuration list for PBXProject "MockUIAlertController" */ = {
			isa = XCConfigurationList;
			buildConfigurations = (
				0E14BAAE1C2C619300314F3E /* Debug */,
				0E14BAAF1C2C619300314F3E /* Release */,
			);
			defaultConfigurationIsVisible = 0;
			defaultConfigurationName = Release;
		};
		0E14BAB01C2C619300314F3E /* Build configuration list for PBXNativeTarget "MockUIAlertController" */ = {
			isa = XCConfigurationList;
			buildConfigurations = (
				0E14BAB11C2C619300314F3E /* Debug */,
				0E14BAB21C2C619300314F3E /* Release */,
			);
			defaultConfigurationIsVisible = 0;
			defaultConfigurationName = Release;
		};
/* End XCConfigurationList section */
	};
	rootObject = 0E14BA9F1C2C619300314F3E /* Project object */;
}
