{
  "originHash" : "51f01f91b8ab0ab0a453e12c94f3c775579ffee5745d42c3f32bc330331b95dc",
  "pins" : [
    {
      "identity" : "failkit",
      "kind" : "remoteSourceControl",
      "location" : "https://github.com/jonreid/FailKit",
      "state" : {
        "branch" : "1.0.0",
        "revision" : "e3ecaf4e817d8d5e6fd05ed01239bdafcb1400ee"
      }
    }
  ],
  "version" : 3
}
